
Microsoft Visual Studio Solution File, Format Version 12.00
# Visual Studio Version 16
VisualStudioVersion = 16.0.30523.141
MinimumVisualStudioVersion = 10.0.40219.1
Project("{9A19103F-16F7-4668-BE54-9A1E7A4F7556}") = "LasFlores.WebApi", "LasFlores.WebApi\LasFlores.WebApi.csproj", "{67A41A58-1F4B-41E1-8238-30A0B8A47D22}"
EndProject
Project("{E24C65DC-7377-472B-9ABA-BC803B73C61A}") = "LasFlores.Spa", "LasFlores.Spa\", "{302EDA46-793E-484F-8371-3C938922F439}"
	ProjectSection(WebsiteProperties) = preProject
		TargetFrameworkMoniker = ".NETFramework,Version%3Dv4.0"
		Debug.AspNetCompiler.VirtualPath = "/localhost_65422"
		Debug.AspNetCompiler.PhysicalPath = "LasFlores.Spa\"
		Debug.AspNetCompiler.TargetPath = "PrecompiledWeb\localhost_65422\"
		Debug.AspNetCompiler.Updateable = "true"
		Debug.AspNetCompiler.ForceOverwrite = "true"
		Debug.AspNetCompiler.FixedNames = "false"
		Debug.AspNetCompiler.Debug = "True"
		Release.AspNetCompiler.VirtualPath = "/localhost_65422"
		Release.AspNetCompiler.PhysicalPath = "LasFlores.Spa\"
		Release.AspNetCompiler.TargetPath = "PrecompiledWeb\localhost_65422\"
		Release.AspNetCompiler.Updateable = "true"
		Release.AspNetCompiler.ForceOverwrite = "true"
		Release.AspNetCompiler.FixedNames = "false"
		Release.AspNetCompiler.Debug = "False"
		VWDPort = "65422"
		SlnRelativePath = "LasFlores.Spa\"
	EndProjectSection
EndProject
Project("{2150E333-8FDC-42A3-9474-1A3956D46DE8}") = "Solution Items", "Solution Items", "{AD0EF81F-9380-4736-A0E7-8D197C498B5B}"
EndProject
Global
	GlobalSection(SolutionConfigurationPlatforms) = preSolution
		Debug|Any CPU = Debug|Any CPU
		Release|Any CPU = Release|Any CPU
	EndGlobalSection
	GlobalSection(ProjectConfigurationPlatforms) = postSolution
		{67A41A58-1F4B-41E1-8238-30A0B8A47D22}.Debug|Any CPU.ActiveCfg = Debug|Any CPU
		{67A41A58-1F4B-41E1-8238-30A0B8A47D22}.Debug|Any CPU.Build.0 = Debug|Any CPU
		{67A41A58-1F4B-41E1-8238-30A0B8A47D22}.Release|Any CPU.ActiveCfg = Release|Any CPU
		{67A41A58-1F4B-41E1-8238-30A0B8A47D22}.Release|Any CPU.Build.0 = Release|Any CPU
		{302EDA46-793E-484F-8371-3C938922F439}.Debug|Any CPU.ActiveCfg = Debug|Any CPU
		{302EDA46-793E-484F-8371-3C938922F439}.Debug|Any CPU.Build.0 = Debug|Any CPU
		{302EDA46-793E-484F-8371-3C938922F439}.Release|Any CPU.ActiveCfg = Debug|Any CPU
		{302EDA46-793E-484F-8371-3C938922F439}.Release|Any CPU.Build.0 = Debug|Any CPU
	EndGlobalSection
	GlobalSection(SolutionProperties) = preSolution
		HideSolutionNode = FALSE
	EndGlobalSection
	GlobalSection(ExtensibilityGlobals) = postSolution
		SolutionGuid = {5473AAEC-231D-4661-9D03-4ADC6862BE2E}
	EndGlobalSection
EndGlobal
